
Microsoft Visual Studio Solution File, Format Version 12.00
# Visual Studio Version 17
VisualStudioVersion = 17.2.32616.157
MinimumVisualStudioVersion = 10.0.40219.1
Project("{FAE04EC0-301F-11D3-BF4B-00C04F79EFBC}") = "EmpWageComputation", "EmpWageComputation\EmpWageComputation.csproj", "{28E5E3B6-7589-4A24-BB51-6D85EEA0C9D9}"
EndProject
Global
	GlobalSection(SolutionConfigurationPlatforms) = preSolution
		Debug|Any CPU = Debug|Any CPU
		Release|Any CPU = Release|Any CPU
	EndGlobalSection
	GlobalSection(ProjectConfigurationPlatforms) = postSolution
		{28E5E3B6-7589-4A24-BB51-6D85EEA0C9D9}.Debug|Any CPU.ActiveCfg = Debug|Any CPU
		{28E5E3B6-7589-4A24-BB51-6D85EEA0C9D9}.Debug|Any CPU.Build.0 = Debug|Any CPU
		{28E5E3B6-7589-4A24-BB51-6D85EEA0C9D9}.Release|Any CPU.ActiveCfg = Release|Any CPU
		{28E5E3B6-7589-4A24-BB51-6D85EEA0C9D9}.Release|Any CPU.Build.0 = Release|Any CPU
	EndGlobalSection
	GlobalSection(SolutionProperties) = preSolution
		HideSolutionNode = FALSE
	EndGlobalSection
	GlobalSection(ExtensibilityGlobals) = postSolution
		SolutionGuid = {01AC65E8-3DF8-44FE-A460-2E30A37EF4D5}
	EndGlobalSection
EndGlobal
